
Microsoft Visual Studio Solution File, Format Version 12.00
# Visual Studio Version 16
VisualStudioVersion = 16.0.809.6
MinimumVisualStudioVersion = 10.0.40219.1
Project("{FAE04EC0-301F-11D3-BF4B-00C04F79EFBC}") = "ABXExpressTest", "ABXExpressTest\ABXExpressTest.csproj", "{BF6C2239-5870-4B4A-8963-9C573D590725}"
EndProject
Global
	GlobalSection(SolutionConfigurationPlatforms) = preSolution
		Debug|Any CPU = Debug|Any CPU
		Release|Any CPU = Release|Any CPU
	EndGlobalSection
	GlobalSection(ProjectConfigurationPlatforms) = postSolution
		{BF6C2239-5870-4B4A-8963-9C573D590725}.Debug|Any CPU.ActiveCfg = Debug|Any CPU
		{BF6C2239-5870-4B4A-8963-9C573D590725}.Debug|Any CPU.Build.0 = Debug|Any CPU
		{BF6C2239-5870-4B4A-8963-9C573D590725}.Release|Any CPU.ActiveCfg = Release|Any CPU
		{BF6C2239-5870-4B4A-8963-9C573D590725}.Release|Any CPU.Build.0 = Release|Any CPU
	EndGlobalSection
	GlobalSection(SolutionProperties) = preSolution
		HideSolutionNode = FALSE
	EndGlobalSection
	GlobalSection(ExtensibilityGlobals) = postSolution
		SolutionGuid = {EBDE313A-3ACC-43B7-A58F-397B6F446FE7}
	EndGlobalSection
EndGlobal
